
Microsoft Visual Studio Solution File, Format Version 12.00
# Visual Studio Version 17
VisualStudioVersion = 17.5.33516.290
MinimumVisualStudioVersion = 10.0.40219.1
Project("{FAE04EC0-301F-11D3-BF4B-00C04F79EFBC}") = "franquia_fast_food", "franquia_fast_food\franquia_fast_food.csproj", "{B51D69DF-E3C3-48BB-9AA7-342EAE25081F}"
EndProject
Global
	GlobalSection(SolutionConfigurationPlatforms) = preSolution
		Debug|Any CPU = Debug|Any CPU
		Release|Any CPU = Release|Any CPU
	EndGlobalSection
	GlobalSection(ProjectConfigurationPlatforms) = postSolution
		{B51D69DF-E3C3-48BB-9AA7-342EAE25081F}.Debug|Any CPU.ActiveCfg = Debug|Any CPU
		{B51D69DF-E3C3-48BB-9AA7-342EAE25081F}.Debug|Any CPU.Build.0 = Debug|Any CPU
		{B51D69DF-E3C3-48BB-9AA7-342EAE25081F}.Release|Any CPU.ActiveCfg = Release|Any CPU
		{B51D69DF-E3C3-48BB-9AA7-342EAE25081F}.Release|Any CPU.Build.0 = Release|Any CPU
	EndGlobalSection
	GlobalSection(SolutionProperties) = preSolution
		HideSolutionNode = FALSE
	EndGlobalSection
	GlobalSection(ExtensibilityGlobals) = postSolution
		SolutionGuid = {23B445FB-954F-4444-AF63-3A56F9DFF6AA}
	EndGlobalSection
EndGlobal
